// !$*UTF8*$!
{
	archiveVersion = 1;
	classes = {
	};
	objectVersion = 56;
	objects = {

/* Begin PBXBuildFile section */
		F527FD432BF628F400BD5B14 /* LearningSwiftUIApp.swift in Sources */ = {isa = PBXBuildFile; fileRef = F527FD422BF628F400BD5B14 /* LearningSwiftUIApp.swift */; };
		F527FD452BF628F400BD5B14 /* ContentView.swift in Sources */ = {isa = PBXBuildFile; fileRef = F527FD442BF628F400BD5B14 /* ContentView.swift */; };
		F527FD472BF628F600BD5B14 /* Assets.xcassets in Resources */ = {isa = PBXBuildFile; fileRef = F527FD462BF628F600BD5B14 /* Assets.xcassets */; };
		F527FD4A2BF628F600BD5B14 /* Preview Assets.xcassets in Resources */ = {isa = PBXBuildFile; fileRef = F527FD492BF628F600BD5B14 /* Preview Assets.xcassets */; };
		F527FD542BF628F600BD5B14 /* LearningSwiftUITests.swift in Sources */ = {isa = PBXBuildFile; fileRef = F527FD532BF628F600BD5B14 /* LearningSwiftUITests.swift */; };
		F527FD5E2BF628F600BD5B14 /* LearningSwiftUIUITests.swift in Sources */ = {isa = PBXBuildFile; fileRef = F527FD5D2BF628F600BD5B14 /* LearningSwiftUIUITests.swift */; };
		F527FD602BF628F600BD5B14 /* LearningSwiftUIUITestsLaunchTests.swift in Sources */ = {isa = PBXBuildFile; fileRef = F527FD5F2BF628F600BD5B14 /* LearningSwiftUIUITestsLaunchTests.swift */; };
		F564341B2BFE6F36004DACBC /* Task#1.swift in Sources */ = {isa = PBXBuildFile; fileRef = F564341A2BFE6F36004DACBC /* Task#1.swift */; };
		F564341E2C00AF0D004DACBC /* Task#2.swift in Sources */ = {isa = PBXBuildFile; fileRef = F564341D2C00AF0D004DACBC /* Task#2.swift */; };
		F56434202C029678004DACBC /* ScrollViewReaderToItem.swift in Sources */ = {isa = PBXBuildFile; fileRef = F564341F2C029678004DACBC /* ScrollViewReaderToItem.swift */; };
		F56434222C029AB5004DACBC /* ScrollViewReaderAdvanced.swift in Sources */ = {isa = PBXBuildFile; fileRef = F56434212C029AB5004DACBC /* ScrollViewReaderAdvanced.swift */; };
		F56434242C048CE3004DACBC /* ScrollViewReaderAdvanced2.swift in Sources */ = {isa = PBXBuildFile; fileRef = F56434232C048CE3004DACBC /* ScrollViewReaderAdvanced2.swift */; };
/* End PBXBuildFile section */

/* Begin PBXContainerItemProxy section */
		F527FD502BF628F600BD5B14 /* PBXContainerItemProxy */ = {
			isa = PBXContainerItemProxy;
			containerPortal = F527FD372BF628F400BD5B14 /* Project object */;
			proxyType = 1;
			remoteGlobalIDString = F527FD3E2BF628F400BD5B14;
			remoteInfo = LearningSwiftUI;
		};
		F527FD5A2BF628F600BD5B14 /* PBXContainerItemProxy */ = {
			isa = PBXContainerItemProxy;
			containerPortal = F527FD372BF628F400BD5B14 /* Project object */;
			proxyType = 1;
			remoteGlobalIDString = F527FD3E2BF628F400BD5B14;
			remoteInfo = LearningSwiftUI;
		};
/* End PBXContainerItemProxy section */

/* Begin PBXFileReference section */
		F527FD3F2BF628F400BD5B14 /* LearningSwiftUI.app */ = {isa = PBXFileReference; explicitFileType = wrapper.application; includeInIndex = 0; path = LearningSwiftUI.app; sourceTree = BUILT_PRODUCTS_DIR; };
		F527FD422BF628F400BD5B14 /* LearningSwiftUIApp.swift */ = {isa = PBXFileReference; lastKnownFileType = sourcecode.swift; path = LearningSwiftUIApp.swift; sourceTree = "<group>"; };
		F527FD442BF628F400BD5B14 /* ContentView.swift */ = {isa = PBXFileReference; lastKnownFileType = sourcecode.swift; path = ContentView.swift; sourceTree = "<group>"; };
		F527FD462BF628F600BD5B14 /* Assets.xcassets */ = {isa = PBXFileReference; lastKnownFileType = folder.assetcatalog; path = Assets.xcassets; sourceTree = "<group>"; };
		F527FD492BF628F600BD5B14 /* Preview Assets.xcassets */ = {isa = PBXFileReference; lastKnownFileType = folder.assetcatalog; path = "Preview Assets.xcassets"; sourceTree = "<group>"; };
		F527FD4F2BF628F600BD5B14 /* LearningSwiftUITests.xctest */ = {isa = PBXFileReference; explicitFileType = wrapper.cfbundle; includeInIndex = 0; path = LearningSwiftUITests.xctest; sourceTree = BUILT_PRODUCTS_DIR; };
		F527FD532BF628F600BD5B14 /* LearningSwiftUITests.swift */ = {isa = PBXFileReference; lastKnownFileType = sourcecode.swift; path = LearningSwiftUITests.swift; sourceTree = "<group>"; };
		F527FD592BF628F600BD5B14 /* LearningSwiftUIUITests.xctest */ = {isa = PBXFileReference; explicitFileType = wrapper.cfbundle; includeInIndex = 0; path = LearningSwiftUIUITests.xctest; sourceTree = BUILT_PRODUCTS_DIR; };
		F527FD5D2BF628F600BD5B14 /* LearningSwiftUIUITests.swift */ = {isa = PBXFileReference; lastKnownFileType = sourcecode.swift; path = LearningSwiftUIUITests.swift; sourceTree = "<group>"; };
		F527FD5F2BF628F600BD5B14 /* LearningSwiftUIUITestsLaunchTests.swift */ = {isa = PBXFileReference; lastKnownFileType = sourcecode.swift; path = LearningSwiftUIUITestsLaunchTests.swift; sourceTree = "<group>"; };
		F564341A2BFE6F36004DACBC /* Task#1.swift */ = {isa = PBXFileReference; lastKnownFileType = sourcecode.swift; path = "Task#1.swift"; sourceTree = "<group>"; };
		F564341D2C00AF0D004DACBC /* Task#2.swift */ = {isa = PBXFileReference; lastKnownFileType = sourcecode.swift; path = "Task#2.swift"; sourceTree = "<group>"; };
		F564341F2C029678004DACBC /* ScrollViewReaderToItem.swift */ = {isa = PBXFileReference; lastKnownFileType = sourcecode.swift; path = ScrollViewReaderToItem.swift; sourceTree = "<group>"; };
		F56434212C029AB5004DACBC /* ScrollViewReaderAdvanced.swift */ = {isa = PBXFileReference; lastKnownFileType = sourcecode.swift; path = ScrollViewReaderAdvanced.swift; sourceTree = "<group>"; };
		F56434232C048CE3004DACBC /* ScrollViewReaderAdvanced2.swift */ = {isa = PBXFileReference; lastKnownFileType = sourcecode.swift; path = ScrollViewReaderAdvanced2.swift; sourceTree = "<group>"; };
/* End PBXFileReference section */

/* Begin PBXFrameworksBuildPhase section */
		F527FD3C2BF628F400BD5B14 /* Frameworks */ = {
			isa = PBXFrameworksBuildPhase;
			buildActionMask = 2147483647;
			files = (
			);
			runOnlyForDeploymentPostprocessing = 0;
		};
		F527FD4C2BF628F600BD5B14 /* Frameworks */ = {
			isa = PBXFrameworksBuildPhase;
			buildActionMask = 2147483647;
			files = (
			);
			runOnlyForDeploymentPostprocessing = 0;
		};
		F527FD562BF628F600BD5B14 /* Frameworks */ = {
			isa = PBXFrameworksBuildPhase;
			buildActionMask = 2147483647;
			files = (
			);
			runOnlyForDeploymentPostprocessing = 0;
		};
/* End PBXFrameworksBuildPhase section */

/* Begin PBXGroup section */
		F527FD362BF628F400BD5B14 = {
			isa = PBXGroup;
			children = (
				F527FD412BF628F400BD5B14 /* LearningSwiftUI */,
				F527FD522BF628F600BD5B14 /* LearningSwiftUITests */,
				F527FD5C2BF628F600BD5B14 /* LearningSwiftUIUITests */,
				F527FD402BF628F400BD5B14 /* Products */,
			);
			sourceTree = "<group>";
		};
		F527FD402BF628F400BD5B14 /* Products */ = {
			isa = PBXGroup;
			children = (
				F527FD3F2BF628F400BD5B14 /* LearningSwiftUI.app */,
				F527FD4F2BF628F600BD5B14 /* LearningSwiftUITests.xctest */,
				F527FD592BF628F600BD5B14 /* LearningSwiftUIUITests.xctest */,
			);
			name = Products;
			sourceTree = "<group>";
		};
		F527FD412BF628F400BD5B14 /* LearningSwiftUI */ = {
			isa = PBXGroup;
			children = (
				F564341C2BFE6F49004DACBC /* Views */,
				F527FD422BF628F400BD5B14 /* LearningSwiftUIApp.swift */,
				F527FD462BF628F600BD5B14 /* Assets.xcassets */,
				F527FD482BF628F600BD5B14 /* Preview Content */,
			);
			path = LearningSwiftUI;
			sourceTree = "<group>";
		};
		F527FD482BF628F600BD5B14 /* Preview Content */ = {
			isa = PBXGroup;
			children = (
				F527FD492BF628F600BD5B14 /* Preview Assets.xcassets */,
			);
			path = "Preview Content";
			sourceTree = "<group>";
		};
		F527FD522BF628F600BD5B14 /* LearningSwiftUITests */ = {
			isa = PBXGroup;
			children = (
				F527FD532BF628F600BD5B14 /* LearningSwiftUITests.swift */,
			);
			path = LearningSwiftUITests;
			sourceTree = "<group>";
		};
		F527FD5C2BF628F600BD5B14 /* LearningSwiftUIUITests */ = {
			isa = PBXGroup;
			children = (
				F527FD5D2BF628F600BD5B14 /* LearningSwiftUIUITests.swift */,
				F527FD5F2BF628F600BD5B14 /* LearningSwiftUIUITestsLaunchTests.swift */,
			);
			path = LearningSwiftUIUITests;
			sourceTree = "<group>";
		};
		F564341C2BFE6F49004DACBC /* Views */ = {
			isa = PBXGroup;
			children = (
				F527FD442BF628F400BD5B14 /* ContentView.swift */,
				F564341A2BFE6F36004DACBC /* Task#1.swift */,
				F564341D2C00AF0D004DACBC /* Task#2.swift */,
				F564341F2C029678004DACBC /* ScrollViewReaderToItem.swift */,
				F56434212C029AB5004DACBC /* ScrollViewReaderAdvanced.swift */,
				F56434232C048CE3004DACBC /* ScrollViewReaderAdvanced2.swift */,
			);
			path = Views;
			sourceTree = "<group>";
		};
/* End PBXGroup section */

/* Begin PBXNativeTarget section */
		F527FD3E2BF628F400BD5B14 /* LearningSwiftUI */ = {
			isa = PBXNativeTarget;
			buildConfigurationList = F527FD632BF628F600BD5B14 /* Build configuration list for PBXNativeTarget "LearningSwiftUI" */;
			buildPhases = (
				F527FD3B2BF628F400BD5B14 /* Sources */,
				F527FD3C2BF628F400BD5B14 /* Frameworks */,
				F527FD3D2BF628F400BD5B14 /* Resources */,
			);
			buildRules = (
			);
			dependencies = (
			);
			name = LearningSwiftUI;
			productName = LearningSwiftUI;
			productReference = F527FD3F2BF628F400BD5B14 /* LearningSwiftUI.app */;
			productType = "com.apple.product-type.application";
		};
		F527FD4E2BF628F600BD5B14 /* LearningSwiftUITests */ = {
			isa = PBXNativeTarget;
			buildConfigurationList = F527FD662BF628F600BD5B14 /* Build configuration list for PBXNativeTarget "LearningSwiftUITests" */;
			buildPhases = (
				F527FD4B2BF628F600BD5B14 /* Sources */,
				F527FD4C2BF628F600BD5B14 /* Frameworks */,
				F527FD4D2BF628F600BD5B14 /* Resources */,
			);
			buildRules = (
			);
			dependencies = (
				F527FD512BF628F600BD5B14 /* PBXTargetDependency */,
			);
			name = LearningSwiftUITests;
			productName = LearningSwiftUITests;
			productReference = F527FD4F2BF628F600BD5B14 /* LearningSwiftUITests.xctest */;
			productType = "com.apple.product-type.bundle.unit-test";
		};
		F527FD582BF628F600BD5B14 /* LearningSwiftUIUITests */ = {
			isa = PBXNativeTarget;
			buildConfigurationList = F527FD692BF628F600BD5B14 /* Build configuration list for PBXNativeTarget "LearningSwiftUIUITests" */;
			buildPhases = (
				F527FD552BF628F600BD5B14 /* Sources */,
				F527FD562BF628F600BD5B14 /* Frameworks */,
				F527FD572BF628F600BD5B14 /* Resources */,
			);
			buildRules = (
			);
			dependencies = (
				F527FD5B2BF628F600BD5B14 /* PBXTargetDependency */,
			);
			name = LearningSwiftUIUITests;
			productName = LearningSwiftUIUITests;
			productReference = F527FD592BF628F600BD5B14 /* LearningSwiftUIUITests.xctest */;
			productType = "com.apple.product-type.bundle.ui-testing";
		};
/* End PBXNativeTarget section */

/* Begin PBXProject section */
		F527FD372BF628F400BD5B14 /* Project object */ = {
			isa = PBXProject;
			attributes = {
				BuildIndependentTargetsInParallel = 1;
				LastSwiftUpdateCheck = 1520;
				LastUpgradeCheck = 1520;
				TargetAttributes = {
					F527FD3E2BF628F400BD5B14 = {
						CreatedOnToolsVersion = 15.2;
					};
					F527FD4E2BF628F600BD5B14 = {
						CreatedOnToolsVersion = 15.2;
						TestTargetID = F527FD3E2BF628F400BD5B14;
					};
					F527FD582BF628F600BD5B14 = {
						CreatedOnToolsVersion = 15.2;
						TestTargetID = F527FD3E2BF628F400BD5B14;
					};
				};
			};
			buildConfigurationList = F527FD3A2BF628F400BD5B14 /* Build configuration list for PBXProject "LearningSwiftUI" */;
			compatibilityVersion = "Xcode 14.0";
			developmentRegion = en;
			hasScannedForEncodings = 0;
			knownRegions = (
				en,
				Base,
			);
			mainGroup = F527FD362BF628F400BD5B14;
			productRefGroup = F527FD402BF628F400BD5B14 /* Products */;
			projectDirPath = "";
			projectRoot = "";
			targets = (
				F527FD3E2BF628F400BD5B14 /* LearningSwiftUI */,
				F527FD4E2BF628F600BD5B14 /* LearningSwiftUITests */,
				F527FD582BF628F600BD5B14 /* LearningSwiftUIUITests */,
			);
		};
/* End PBXProject section */

/* Begin PBXResourcesBuildPhase section */
		F527FD3D2BF628F400BD5B14 /* Resources */ = {
			isa = PBXResourcesBuildPhase;
			buildActionMask = 2147483647;
			files = (
				F527FD4A2BF628F600BD5B14 /* Preview Assets.xcassets in Resources */,
				F527FD472BF628F600BD5B14 /* Assets.xcassets in Resources */,
			);
			runOnlyForDeploymentPostprocessing = 0;
		};
		F527FD4D2BF628F600BD5B14 /* Resources */ = {
			isa = PBXResourcesBuildPhase;
			buildActionMask = 2147483647;
			files = (
			);
			runOnlyForDeploymentPostprocessing = 0;
		};
		F527FD572BF628F600BD5B14 /* Resources */ = {
			isa = PBXResourcesBuildPhase;
			buildActionMask = 2147483647;
			files = (
			);
			runOnlyForDeploymentPostprocessing = 0;
		};
/* End PBXResourcesBuildPhase section */

/* Begin PBXSourcesBuildPhase section */
		F527FD3B2BF628F400BD5B14 /* Sources */ = {
			isa = PBXSourcesBuildPhase;
			buildActionMask = 2147483647;
			files = (
				F56434222C029AB5004DACBC /* ScrollViewReaderAdvanced.swift in Sources */,
				F527FD452BF628F400BD5B14 /* ContentView.swift in Sources */,
				F564341B2BFE6F36004DACBC /* Task#1.swift in Sources */,
				F527FD432BF628F400BD5B14 /* LearningSwiftUIApp.swift in Sources */,
				F564341E2C00AF0D004DACBC /* Task#2.swift in Sources */,
				F56434202C029678004DACBC /* ScrollViewReaderToItem.swift in Sources */,
				F56434242C048CE3004DACBC /* ScrollViewReaderAdvanced2.swift in Sources */,
			);
			runOnlyForDeploymentPostprocessing = 0;
		};
		F527FD4B2BF628F600BD5B14 /* Sources */ = {
			isa = PBXSourcesBuildPhase;
			buildActionMask = 2147483647;
			files = (
				F527FD542BF628F600BD5B14 /* LearningSwiftUITests.swift in Sources */,
			);
			runOnlyForDeploymentPostprocessing = 0;
		};
		F527FD552BF628F600BD5B14 /* Sources */ = {
			isa = PBXSourcesBuildPhase;
			buildActionMask = 2147483647;
			files = (
				F527FD602BF628F600BD5B14 /* LearningSwiftUIUITestsLaunchTests.swift in Sources */,
				F527FD5E2BF628F600BD5B14 /* LearningSwiftUIUITests.swift in Sources */,
			);
			runOnlyForDeploymentPostprocessing = 0;
		};
/* End PBXSourcesBuildPhase section */

/* Begin PBXTargetDependency section */
		F527FD512BF628F600BD5B14 /* PBXTargetDependency */ = {
			isa = PBXTargetDependency;
			target = F527FD3E2BF628F400BD5B14 /* LearningSwiftUI */;
			targetProxy = F527FD502BF628F600BD5B14 /* PBXContainerItemProxy */;
		};
		F527FD5B2BF628F600BD5B14 /* PBXTargetDependency */ = {
			isa = PBXTargetDependency;
			target = F527FD3E2BF628F400BD5B14 /* LearningSwiftUI */;
			targetProxy = F527FD5A2BF628F600BD5B14 /* PBXContainerItemProxy */;
		};
/* End PBXTargetDependency section */

/* Begin XCBuildConfiguration section */
		F527FD612BF628F600BD5B14 /* Debug */ = {
			isa = XCBuildConfiguration;
			buildSettings = {
				ALWAYS_SEARCH_USER_PATHS = NO;
				ASSETCATALOG_COMPILER_GENERATE_SWIFT_ASSET_SYMBOL_EXTENSIONS = YES;
				CLANG_ANALYZER_NONNULL = YES;
				CLANG_ANALYZER_NUMBER_OBJECT_CONVERSION = YES_AGGRESSIVE;
				CLANG_CXX_LANGUAGE_STANDARD = "gnu++20";
				CLANG_ENABLE_MODULES = YES;
				CLANG_ENABLE_OBJC_ARC = YES;
				CLANG_ENABLE_OBJC_WEAK = YES;
				CLANG_WARN_BLOCK_CAPTURE_AUTORELEASING = YES;
				CLANG_WARN_BOOL_CONVERSION = YES;
				CLANG_WARN_COMMA = YES;
				CLANG_WARN_CONSTANT_CONVERSION = YES;
				CLANG_WARN_DEPRECATED_OBJC_IMPLEMENTATIONS = YES;
				CLANG_WARN_DIRECT_OBJC_ISA_USAGE = YES_ERROR;
				CLANG_WARN_DOCUMENTATION_COMMENTS = YES;
				CLANG_WARN_EMPTY_BODY = YES;
				CLANG_WARN_ENUM_CONVERSION = YES;
				CLANG_WARN_INFINITE_RECURSION = YES;
				CLANG_WARN_INT_CONVERSION = YES;
				CLANG_WARN_NON_LITERAL_NULL_CONVERSION = YES;
				CLANG_WARN_OBJC_IMPLICIT_RETAIN_SELF = YES;
				CLANG_WARN_OBJC_LITERAL_CONVERSION = YES;
				CLANG_WARN_OBJC_ROOT_CLASS = YES_ERROR;
				CLANG_WARN_QUOTED_INCLUDE_IN_FRAMEWORK_HEADER = YES;
				CLANG_WARN_RANGE_LOOP_ANALYSIS = YES;
				CLANG_WARN_STRICT_PROTOTYPES = YES;
				CLANG_WARN_SUSPICIOUS_MOVE = YES;
				CLANG_WARN_UNGUARDED_AVAILABILITY = YES_AGGRESSIVE;
				CLANG_WARN_UNREACHABLE_CODE = YES;
				CLANG_WARN__DUPLICATE_METHOD_MATCH = YES;
				COPY_PHASE_STRIP = NO;
				DEBUG_INFORMATION_FORMAT = dwarf;
				ENABLE_STRICT_OBJC_MSGSEND = YES;
				ENABLE_TESTABILITY = YES;
				ENABLE_USER_SCRIPT_SANDBOXING = YES;
				GCC_C_LANGUAGE_STANDARD = gnu17;
				GCC_DYNAMIC_NO_PIC = NO;
				GCC_NO_COMMON_BLOCKS = YES;
				GCC_OPTIMIZATION_LEVEL = 0;
				GCC_PREPROCESSOR_DEFINITIONS = (
					"DEBUG=1",
					"$(inherited)",
				);
				GCC_WARN_64_TO_32_BIT_CONVERSION = YES;
				GCC_WARN_ABOUT_RETURN_TYPE = YES_ERROR;
				GCC_WARN_UNDECLARED_SELECTOR = YES;
				GCC_WARN_UNINITIALIZED_AUTOS = YES_AGGRESSIVE;
				GCC_WARN_UNUSED_FUNCTION = YES;
				GCC_WARN_UNUSED_VARIABLE = YES;
				IPHONEOS_DEPLOYMENT_TARGET = 17.2;
				LOCALIZATION_PREFERS_STRING_CATALOGS = YES;
				MTL_ENABLE_DEBUG_INFO = INCLUDE_SOURCE;
				MTL_FAST_MATH = YES;
				ONLY_ACTIVE_ARCH = YES;
				SDKROOT = iphoneos;
				SWIFT_ACTIVE_COMPILATION_CONDITIONS = "DEBUG $(inherited)";
				SWIFT_OPTIMIZATION_LEVEL = "-Onone";
			};
			name = Debug;
		};
		F527FD622BF628F600BD5B14 /* Release */ = {
			isa = XCBuildConfiguration;
			buildSettings = {
				ALWAYS_SEARCH_USER_PATHS = NO;
				ASSETCATALOG_COMPILER_GENERATE_SWIFT_ASSET_SYMBOL_EXTENSIONS = YES;
				CLANG_ANALYZER_NONNULL = YES;
				CLANG_ANALYZER_NUMBER_OBJECT_CONVERSION = YES_AGGRESSIVE;
				CLANG_CXX_LANGUAGE_STANDARD = "gnu++20";
				CLANG_ENABLE_MODULES = YES;
				CLANG_ENABLE_OBJC_ARC = YES;
				CLANG_ENABLE_OBJC_WEAK = YES;
				CLANG_WARN_BLOCK_CAPTURE_AUTORELEASING = YES;
				CLANG_WARN_BOOL_CONVERSION = YES;
				CLANG_WARN_COMMA = YES;
				CLANG_WARN_CONSTANT_CONVERSION = YES;
				CLANG_WARN_DEPRECATED_OBJC_IMPLEMENTATIONS = YES;
				CLANG_WARN_DIRECT_OBJC_ISA_USAGE = YES_ERROR;
				CLANG_WARN_DOCUMENTATION_COMMENTS = YES;
				CLANG_WARN_EMPTY_BODY = YES;
				CLANG_WARN_ENUM_CONVERSION = YES;
				CLANG_WARN_INFINITE_RECURSION = YES;
				CLANG_WARN_INT_CONVERSION = YES;
				CLANG_WARN_NON_LITERAL_NULL_CONVERSION = YES;
				CLANG_WARN_OBJC_IMPLICIT_RETAIN_SELF = YES;
				CLANG_WARN_OBJC_LITERAL_CONVERSION = YES;
				CLANG_WARN_OBJC_ROOT_CLASS = YES_ERROR;
				CLANG_WARN_QUOTED_INCLUDE_IN_FRAMEWORK_HEADER = YES;
				CLANG_WARN_RANGE_LOOP_ANALYSIS = YES;
				CLANG_WARN_STRICT_PROTOTYPES = YES;
				CLANG_WARN_SUSPICIOUS_MOVE = YES;
				CLANG_WARN_UNGUARDED_AVAILABILITY = YES_AGGRESSIVE;
				CLANG_WARN_UNREACHABLE_CODE = YES;
				CLANG_WARN__DUPLICATE_METHOD_MATCH = YES;
				COPY_PHASE_STRIP = NO;
				DEBUG_INFORMATION_FORMAT = "dwarf-with-dsym";
				ENABLE_NS_ASSERTIONS = NO;
				ENABLE_STRICT_OBJC_MSGSEND = YES;
				ENABLE_USER_SCRIPT_SANDBOXING = YES;
				GCC_C_LANGUAGE_STANDARD = gnu17;
				GCC_NO_COMMON_BLOCKS = YES;
				GCC_WARN_64_TO_32_BIT_CONVERSION = YES;
				GCC_WARN_ABOUT_RETURN_TYPE = YES_ERROR;
				GCC_WARN_UNDECLARED_SELECTOR = YES;
				GCC_WARN_UNINITIALIZED_AUTOS = YES_AGGRESSIVE;
				GCC_WARN_UNUSED_FUNCTION = YES;
				GCC_WARN_UNUSED_VARIABLE = YES;
				IPHONEOS_DEPLOYMENT_TARGET = 17.2;
				LOCALIZATION_PREFERS_STRING_CATALOGS = YES;
				MTL_ENABLE_DEBUG_INFO = NO;
				MTL_FAST_MATH = YES;
				SDKROOT = iphoneos;
				SWIFT_COMPILATION_MODE = wholemodule;
				VALIDATE_PRODUCT = YES;
			};
			name = Release;
		};
		F527FD642BF628F600BD5B14 /* Debug */ = {
			isa = XCBuildConfiguration;
			buildSettings = {
				ASSETCATALOG_COMPILER_APPICON_NAME = AppIcon;
				ASSETCATALOG_COMPILER_GLOBAL_ACCENT_COLOR_NAME = AccentColor;
				CODE_SIGN_STYLE = Automatic;
				CURRENT_PROJECT_VERSION = 1;
				DEVELOPMENT_ASSET_PATHS = "\"LearningSwiftUI/Preview Content\"";
				DEVELOPMENT_TEAM = YDM4QC6KDH;
				ENABLE_PREVIEWS = YES;
				GENERATE_INFOPLIST_FILE = YES;
				INFOPLIST_KEY_UIApplicationSceneManifest_Generation = YES;
				INFOPLIST_KEY_UIApplicationSupportsIndirectInputEvents = YES;
				INFOPLIST_KEY_UILaunchScreen_Generation = YES;
				INFOPLIST_KEY_UISupportedInterfaceOrientations_iPad = "UIInterfaceOrientationPortrait UIInterfaceOrientationPortraitUpsideDown UIInterfaceOrientationLandscapeLeft UIInterfaceOrientationLandscapeRight";
				INFOPLIST_KEY_UISupportedInterfaceOrientations_iPhone = "UIInterfaceOrientationPortrait UIInterfaceOrientationLandscapeLeft UIInterfaceOrientationLandscapeRight";
				LD_RUNPATH_SEARCH_PATHS = (
					"$(inherited)",
					"@executable_path/Frameworks",
				);
				MARKETING_VERSION = 1.0;
				PRODUCT_BUNDLE_IDENTIFIER = com.maksymov.LearningSwiftUI;
				PRODUCT_NAME = "$(TARGET_NAME)";
				SWIFT_EMIT_LOC_STRINGS = YES;
				SWIFT_VERSION = 5.0;
				TARGETED_DEVICE_FAMILY = "1,2";
			};
			name = Debug;
		};
		F527FD652BF628F600BD5B14 /* Release */ = {
			isa = XCBuildConfiguration;
			buildSettings = {
				ASSETCATALOG_COMPILER_APPICON_NAME = AppIcon;
				ASSETCATALOG_COMPILER_GLOBAL_ACCENT_COLOR_NAME = AccentColor;
				CODE_SIGN_STYLE = Automatic;
				CURRENT_PROJECT_VERSION = 1;
				DEVELOPMENT_ASSET_PATHS = "\"LearningSwiftUI/Preview Content\"";
				DEVELOPMENT_TEAM = YDM4QC6KDH;
				ENABLE_PREVIEWS = YES;
				GENERATE_INFOPLIST_FILE = YES;
				INFOPLIST_KEY_UIApplicationSceneManifest_Generation = YES;
				INFOPLIST_KEY_UIApplicationSupportsIndirectInputEvents = YES;
				INFOPLIST_KEY_UILaunchScreen_Generation = YES;
				INFOPLIST_KEY_UISupportedInterfaceOrientations_iPad = "UIInterfaceOrientationPortrait UIInterfaceOrientationPortraitUpsideDown UIInterfaceOrientationLandscapeLeft UIInterfaceOrientationLandscapeRight";
				INFOPLIST_KEY_UISupportedInterfaceOrientations_iPhone = "UIInterfaceOrientationPortrait UIInterfaceOrientationLandscapeLeft UIInterfaceOrientationLandscapeRight";
				LD_RUNPATH_SEARCH_PATHS = (
					"$(inherited)",
					"@executable_path/Frameworks",
				);
				MARKETING_VERSION = 1.0;
				PRODUCT_BUNDLE_IDENTIFIER = com.maksymov.LearningSwiftUI;
				PRODUCT_NAME = "$(TARGET_NAME)";
				SWIFT_EMIT_LOC_STRINGS = YES;
				SWIFT_VERSION = 5.0;
				TARGETED_DEVICE_FAMILY = "1,2";
			};
			name = Release;
		};
		F527FD672BF628F600BD5B14 /* Debug */ = {
			isa = XCBuildConfiguration;
			buildSettings = {
				ALWAYS_EMBED_SWIFT_STANDARD_LIBRARIES = YES;
				BUNDLE_LOADER = "$(TEST_HOST)";
				CODE_SIGN_STYLE = Automatic;
				CURRENT_PROJECT_VERSION = 1;
				DEVELOPMENT_TEAM = YDM4QC6KDH;
				GENERATE_INFOPLIST_FILE = YES;
				IPHONEOS_DEPLOYMENT_TARGET = 17.2;
				MARKETING_VERSION = 1.0;
				PRODUCT_BUNDLE_IDENTIFIER = com.maksymov.LearningSwiftUITests;
				PRODUCT_NAME = "$(TARGET_NAME)";
				SWIFT_EMIT_LOC_STRINGS = NO;
				SWIFT_VERSION = 5.0;
				TARGETED_DEVICE_FAMILY = "1,2";
				TEST_HOST = "$(BUILT_PRODUCTS_DIR)/LearningSwiftUI.app/$(BUNDLE_EXECUTABLE_FOLDER_PATH)/LearningSwiftUI";
			};
			name = Debug;
		};
		F527FD682BF628F600BD5B14 /* Release */ = {
			isa = XCBuildConfiguration;
			buildSettings = {
				ALWAYS_EMBED_SWIFT_STANDARD_LIBRARIES = YES;
				BUNDLE_LOADER = "$(TEST_HOST)";
				CODE_SIGN_STYLE = Automatic;
				CURRENT_PROJECT_VERSION = 1;
				DEVELOPMENT_TEAM = YDM4QC6KDH;
				GENERATE_INFOPLIST_FILE = YES;
				IPHONEOS_DEPLOYMENT_TARGET = 17.2;
				MARKETING_VERSION = 1.0;
				PRODUCT_BUNDLE_IDENTIFIER = com.maksymov.LearningSwiftUITests;
				PRODUCT_NAME = "$(TARGET_NAME)";
				SWIFT_EMIT_LOC_STRINGS = NO;
				SWIFT_VERSION = 5.0;
				TARGETED_DEVICE_FAMILY = "1,2";
				TEST_HOST = "$(BUILT_PRODUCTS_DIR)/LearningSwiftUI.app/$(BUNDLE_EXECUTABLE_FOLDER_PATH)/LearningSwiftUI";
			};
			name = Release;
		};
		F527FD6A2BF628F600BD5B14 /* Debug */ = {
			isa = XCBuildConfiguration;
			buildSettings = {
				ALWAYS_EMBED_SWIFT_STANDARD_LIBRARIES = YES;
				CODE_SIGN_STYLE = Automatic;
				CURRENT_PROJECT_VERSION = 1;
				DEVELOPMENT_TEAM = YDM4QC6KDH;
				GENERATE_INFOPLIST_FILE = YES;
				MARKETING_VERSION = 1.0;
				PRODUCT_BUNDLE_IDENTIFIER = com.maksymov.LearningSwiftUIUITests;
				PRODUCT_NAME = "$(TARGET_NAME)";
				SWIFT_EMIT_LOC_STRINGS = NO;
				SWIFT_VERSION = 5.0;
				TARGETED_DEVICE_FAMILY = "1,2";
				TEST_TARGET_NAME = LearningSwiftUI;
			};
			name = Debug;
		};
		F527FD6B2BF628F600BD5B14 /* Release */ = {
			isa = XCBuildConfiguration;
			buildSettings = {
				ALWAYS_EMBED_SWIFT_STANDARD_LIBRARIES = YES;
				CODE_SIGN_STYLE = Automatic;
				CURRENT_PROJECT_VERSION = 1;
				DEVELOPMENT_TEAM = YDM4QC6KDH;
				GENERATE_INFOPLIST_FILE = YES;
				MARKETING_VERSION = 1.0;
				PRODUCT_BUNDLE_IDENTIFIER = com.maksymov.LearningSwiftUIUITests;
				PRODUCT_NAME = "$(TARGET_NAME)";
				SWIFT_EMIT_LOC_STRINGS = NO;
				SWIFT_VERSION = 5.0;
				TARGETED_DEVICE_FAMILY = "1,2";
				TEST_TARGET_NAME = LearningSwiftUI;
			};
			name = Release;
		};
/* End XCBuildConfiguration section */

/* Begin XCConfigurationList section */
		F527FD3A2BF628F400BD5B14 /* Build configuration list for PBXProject "LearningSwiftUI" */ = {
			isa = XCConfigurationList;
			buildConfigurations = (
				F527FD612BF628F600BD5B14 /* Debug */,
				F527FD622BF628F600BD5B14 /* Release */,
			);
			defaultConfigurationIsVisible = 0;
			defaultConfigurationName = Release;
		};
		F527FD632BF628F600BD5B14 /* Build configuration list for PBXNativeTarget "LearningSwiftUI" */ = {
			isa = XCConfigurationList;
			buildConfigurations = (
				F527FD642BF628F600BD5B14 /* Debug */,
				F527FD652BF628F600BD5B14 /* Release */,
			);
			defaultConfigurationIsVisible = 0;
			defaultConfigurationName = Release;
		};
		F527FD662BF628F600BD5B14 /* Build configuration list for PBXNativeTarget "LearningSwiftUITests" */ = {
			isa = XCConfigurationList;
			buildConfigurations = (
				F527FD672BF628F600BD5B14 /* Debug */,
				F527FD682BF628F600BD5B14 /* Release */,
			);
			defaultConfigurationIsVisible = 0;
			defaultConfigurationName = Release;
		};
		F527FD692BF628F600BD5B14 /* Build configuration list for PBXNativeTarget "LearningSwiftUIUITests" */ = {
			isa = XCConfigurationList;
			buildConfigurations = (
				F527FD6A2BF628F600BD5B14 /* Debug */,
				F527FD6B2BF628F600BD5B14 /* Release */,
			);
			defaultConfigurationIsVisible = 0;
			defaultConfigurationName = Release;
		};
/* End XCConfigurationList section */
	};
	rootObject = F527FD372BF628F400BD5B14 /* Project object */;
}
